{
  "name": "sigmaos-zenith-ui",
  "version": "1.0.0",
  "lockfileVersion": 3,
  "requires": true,
  "packages": {
    "": {
      "name": "sigmaos-zenith-ui",
      "version": "1.0.0",
      "devDependencies": {
        "eslint": "^8.57.0"
      }
    },
    "node_modules/eslint": {
      "version": "8.57.0",
      "resolved": "https://registry.npmjs.org/eslint/-/eslint-8.57.0.md",
      "integrity": "sha512-dZ6+qy9yn92xeWloNalHGfCUuyN0zjG1giJPJ0Ag9axpL16M8066rtY5Xbc63JJ0LoHUCIPrp9fJN-lGf07wjA==",
      "dev": true
    }
  }
}
