# This file is automatically @generated by Cargo.
# It is not intended for manual editing.
version = 4

[[package]]
name = "kabi"
version = "15.0.0"

[[package]]
name = "sigma-agent-core"
version = "15.0.0"

[[package]]
name = "sigma-cli"
version = "15.0.0"

[[package]]
name = "sigma-common"
version = "0.1.0"

[[package]]
name = "sigma-coreutils"
version = "15.0.0"

[[package]]
name = "sigma-design-system"
version = "0.1.0"

[[package]]
name = "sigma-driver-sdk"
version = "1.0.0"

[[package]]
name = "sigma-format"
version = "1.0.0"

[[package]]
name = "sigma-lint"
version = "1.0.0"

[[package]]
name = "sigma-orchestrator"
version = "0.1.0"

[[package]]
name = "sigma-sh"
version = "0.2.0"

[[package]]
name = "sigma_kernel"
version = "0.1.0"

[[package]]
name = "sigma_pkg_registry"
version = "0.1.0"

[[package]]
name = "sigpkg"
version = "0.2.0"
